// !$*UTF8*$!
{
	archiveVersion = 1;
	classes = {
	};
	objectVersion = 46;
	objects = {

/* Begin PBXBuildFile section */
		1629A3451E5B1FBF00EEC12F /* kTextFiledPlaceHolder.swift in Sources */ = {isa = PBXBuildFile; fileRef = 1629A3441E5B1FBF00EEC12F /* kTextFiledPlaceHolder.swift */; };
		165225DD1E87FA6B00DD6A7D /* LivraisonViewController.swift in Sources */ = {isa = PBXBuildFile; fileRef = 165225DC1E87FA6B00DD6A7D /* LivraisonViewController.swift */; };
		165225DF1E88018E00DD6A7D /* Livraison.swift in Sources */ = {isa = PBXBuildFile; fileRef = 165225DE1E88018E00DD6A7D /* Livraison.swift */; };
		165225E11E880C9C00DD6A7D /* LivraisonTableViewCell.swift in Sources */ = {isa = PBXBuildFile; fileRef = 165225E01E880C9C00DD6A7D /* LivraisonTableViewCell.swift */; };
		165C98E11E93AF52000DEB72 /* PanierTableViewController.swift in Sources */ = {isa = PBXBuildFile; fileRef = 165C98E01E93AF52000DEB72 /* PanierTableViewController.swift */; };
		165C98E31E93BF55000DEB72 /* panierCellTableViewCell.swift in Sources */ = {isa = PBXBuildFile; fileRef = 165C98E21E93BF55000DEB72 /* panierCellTableViewCell.swift */; };
		165C98E51E93D0D0000DEB72 /* PhotoModifiee.swift in Sources */ = {isa = PBXBuildFile; fileRef = 165C98E41E93D0D0000DEB72 /* PhotoModifiee.swift */; };
		165C98E71E93E252000DEB72 /* Panier.swift in Sources */ = {isa = PBXBuildFile; fileRef = 165C98E61E93E252000DEB72 /* Panier.swift */; };
		1667701B1E64DBA0001BF0BA /* MyImageCell.swift in Sources */ = {isa = PBXBuildFile; fileRef = 1667701A1E64DBA0001BF0BA /* MyImageCell.swift */; };
		1667701E1E64E2C4001BF0BA /* Photo.swift in Sources */ = {isa = PBXBuildFile; fileRef = 1667701D1E64E2C4001BF0BA /* Photo.swift */; };
		167043511E5B298700D2CA74 /* HideShowPasswordTextField in Resources */ = {isa = PBXBuildFile; fileRef = 167043501E5B298700D2CA74 /* HideShowPasswordTextField */; };
		167043551E5CEB0C00D2CA74 /* customCellTableViewCell.swift in Sources */ = {isa = PBXBuildFile; fileRef = 167043541E5CEB0C00D2CA74 /* customCellTableViewCell.swift */; };
		167043571E5CF48200D2CA74 /* UpdateUserViewController.swift in Sources */ = {isa = PBXBuildFile; fileRef = 167043561E5CF48200D2CA74 /* UpdateUserViewController.swift */; };
		169600321E87075E005E9E2F /* MessageDestinataireViewController.swift in Sources */ = {isa = PBXBuildFile; fileRef = 169600311E87075E005E9E2F /* MessageDestinataireViewController.swift */; };
		169600351E871D38005E9E2F /* FacturationViewController.swift in Sources */ = {isa = PBXBuildFile; fileRef = 169600341E871D38005E9E2F /* FacturationViewController.swift */; };
		169600371E8720C4005E9E2F /* PaiementViewController.swift in Sources */ = {isa = PBXBuildFile; fileRef = 169600361E8720C4005E9E2F /* PaiementViewController.swift */; };
		16A36C1C1E65C857003339B8 /* EditPhotoViewController.swift in Sources */ = {isa = PBXBuildFile; fileRef = 16A36C1B1E65C857003339B8 /* EditPhotoViewController.swift */; };
		16B8E0EF1E845E4A00AFB281 /* User.swift in Sources */ = {isa = PBXBuildFile; fileRef = 16B8E0EE1E845E4A00AFB281 /* User.swift */; };
		16B8E0F11E84661A00AFB281 /* Adresse.swift in Sources */ = {isa = PBXBuildFile; fileRef = 16B8E0F01E84661A00AFB281 /* Adresse.swift */; };
		16D8026A1E7BF0FD00ED4AD1 /* DestinatairesViewController.swift in Sources */ = {isa = PBXBuildFile; fileRef = 16D802691E7BF0FD00ED4AD1 /* DestinatairesViewController.swift */; };
		16D8026C1E7D969600ED4AD1 /* DestinataireCellCollectionViewCell.swift in Sources */ = {isa = PBXBuildFile; fileRef = 16D8026B1E7D969600ED4AD1 /* DestinataireCellCollectionViewCell.swift */; };
		16D8026E1E7D97F000ED4AD1 /* Destinataire.swift in Sources */ = {isa = PBXBuildFile; fileRef = 16D8026D1E7D97F000ED4AD1 /* Destinataire.swift */; };
		16D802701E7DA49500ED4AD1 /* NouveauDestinataireViewController.swift in Sources */ = {isa = PBXBuildFile; fileRef = 16D8026F1E7DA49500ED4AD1 /* NouveauDestinataireViewController.swift */; };
		16DD1B9E1E852A33006C326E /* ContactViewController.swift in Sources */ = {isa = PBXBuildFile; fileRef = 16DD1B9D1E852A33006C326E /* ContactViewController.swift */; };
		16F0300C1E88291C00D16E91 /* Accelerate.framework in Frameworks */ = {isa = PBXBuildFile; fileRef = 16F030031E88291C00D16E91 /* Accelerate.framework */; };
		16F0300D1E88291C00D16E91 /* AudioToolbox.framework in Frameworks */ = {isa = PBXBuildFile; fileRef = 16F030041E88291C00D16E91 /* AudioToolbox.framework */; };
		16F0300E1E88291C00D16E91 /* AVFoundation.framework in Frameworks */ = {isa = PBXBuildFile; fileRef = 16F030051E88291C00D16E91 /* AVFoundation.framework */; };
		16F0300F1E88291C00D16E91 /* CoreLocation.framework in Frameworks */ = {isa = PBXBuildFile; fileRef = 16F030061E88291C00D16E91 /* CoreLocation.framework */; };
		16F030101E88291C00D16E91 /* CoreMedia.framework in Frameworks */ = {isa = PBXBuildFile; fileRef = 16F030071E88291C00D16E91 /* CoreMedia.framework */; };
		16F030111E88291C00D16E91 /* MessageUI.framework in Frameworks */ = {isa = PBXBuildFile; fileRef = 16F030081E88291C00D16E91 /* MessageUI.framework */; };
		16F030121E88291C00D16E91 /* MobileCoreServices.framework in Frameworks */ = {isa = PBXBuildFile; fileRef = 16F030091E88291C00D16E91 /* MobileCoreServices.framework */; };
		16F030131E88291C00D16E91 /* SafariServices.framework in Frameworks */ = {isa = PBXBuildFile; fileRef = 16F0300A1E88291C00D16E91 /* SafariServices.framework */; };
		16F030141E88291C00D16E91 /* SystemConfiguration.framework in Frameworks */ = {isa = PBXBuildFile; fileRef = 16F0300B1E88291C00D16E91 /* SystemConfiguration.framework */; };
		16F2FABD1E9696A4007D864F /* Masks.swift in Sources */ = {isa = PBXBuildFile; fileRef = 16F2FABC1E9696A4007D864F /* Masks.swift */; };
		16F2FABF1E96974A007D864F /* Dimensions.swift in Sources */ = {isa = PBXBuildFile; fileRef = 16F2FABE1E96974A007D864F /* Dimensions.swift */; };
		16F39F091E9ED6F30030A654 /* MessagesDestinataires.swift in Sources */ = {isa = PBXBuildFile; fileRef = 16F39F081E9ED6F30030A654 /* MessagesDestinataires.swift */; };
		307CA8A4F9DE3733D7171892 /* Pods_IOSAPPLI.framework in Frameworks */ = {isa = PBXBuildFile; fileRef = 2356E14389D231CE63C932BF /* Pods_IOSAPPLI.framework */; };
		B743A5561E057E9F00A0A233 /* AppDelegate.swift in Sources */ = {isa = PBXBuildFile; fileRef = B743A5551E057E9F00A0A233 /* AppDelegate.swift */; };
		B743A5581E057E9F00A0A233 /* ViewController.swift in Sources */ = {isa = PBXBuildFile; fileRef = B743A5571E057E9F00A0A233 /* ViewController.swift */; };
		B743A55B1E057E9F00A0A233 /* Main.storyboard in Resources */ = {isa = PBXBuildFile; fileRef = B743A5591E057E9F00A0A233 /* Main.storyboard */; };
		B743A55D1E057E9F00A0A233 /* Assets.xcassets in Resources */ = {isa = PBXBuildFile; fileRef = B743A55C1E057E9F00A0A233 /* Assets.xcassets */; };
		B743A5601E057E9F00A0A233 /* LaunchScreen.storyboard in Resources */ = {isa = PBXBuildFile; fileRef = B743A55E1E057E9F00A0A233 /* LaunchScreen.storyboard */; };
		B743A5691E05884700A0A233 /* InscriptionViewController.swift in Sources */ = {isa = PBXBuildFile; fileRef = B743A5681E05884700A0A233 /* InscriptionViewController.swift */; };
		B743A56C1E070EE300A0A233 /* SelectionViewController.swift in Sources */ = {isa = PBXBuildFile; fileRef = B743A56B1E070EE300A0A233 /* SelectionViewController.swift */; };
		B743A56F1E07558500A0A233 /* AccueilViewController.swift in Sources */ = {isa = PBXBuildFile; fileRef = B743A56E1E07558500A0A233 /* AccueilViewController.swift */; };
/* End PBXBuildFile section */

/* Begin PBXFileReference section */
		1629A3441E5B1FBF00EEC12F /* kTextFiledPlaceHolder.swift */ = {isa = PBXFileReference; fileEncoding = 4; lastKnownFileType = sourcecode.swift; path = kTextFiledPlaceHolder.swift; sourceTree = "<group>"; };
		165225DC1E87FA6B00DD6A7D /* LivraisonViewController.swift */ = {isa = PBXFileReference; fileEncoding = 4; lastKnownFileType = sourcecode.swift; path = LivraisonViewController.swift; sourceTree = "<group>"; };
		165225DE1E88018E00DD6A7D /* Livraison.swift */ = {isa = PBXFileReference; fileEncoding = 4; lastKnownFileType = sourcecode.swift; path = Livraison.swift; sourceTree = "<group>"; };
		165225E01E880C9C00DD6A7D /* LivraisonTableViewCell.swift */ = {isa = PBXFileReference; fileEncoding = 4; lastKnownFileType = sourcecode.swift; path = LivraisonTableViewCell.swift; sourceTree = "<group>"; };
		165C98E01E93AF52000DEB72 /* PanierTableViewController.swift */ = {isa = PBXFileReference; fileEncoding = 4; lastKnownFileType = sourcecode.swift; path = PanierTableViewController.swift; sourceTree = "<group>"; };
		165C98E21E93BF55000DEB72 /* panierCellTableViewCell.swift */ = {isa = PBXFileReference; fileEncoding = 4; lastKnownFileType = sourcecode.swift; path = panierCellTableViewCell.swift; sourceTree = "<group>"; };
		165C98E41E93D0D0000DEB72 /* PhotoModifiee.swift */ = {isa = PBXFileReference; fileEncoding = 4; lastKnownFileType = sourcecode.swift; path = PhotoModifiee.swift; sourceTree = "<group>"; };
		165C98E61E93E252000DEB72 /* Panier.swift */ = {isa = PBXFileReference; fileEncoding = 4; lastKnownFileType = sourcecode.swift; path = Panier.swift; sourceTree = "<group>"; };
		1667701A1E64DBA0001BF0BA /* MyImageCell.swift */ = {isa = PBXFileReference; fileEncoding = 4; lastKnownFileType = sourcecode.swift; name = MyImageCell.swift; path = ../MyImageCell.swift; sourceTree = "<group>"; };
		1667701D1E64E2C4001BF0BA /* Photo.swift */ = {isa = PBXFileReference; fileEncoding = 4; lastKnownFileType = sourcecode.swift; path = Photo.swift; sourceTree = "<group>"; };
		167043501E5B298700D2CA74 /* HideShowPasswordTextField */ = {isa = PBXFileReference; lastKnownFileType = folder; name = HideShowPasswordTextField; path = "../../../../Downloads/HideShowPasswordTextField-master/HideShowPasswordTextField"; sourceTree = "<group>"; };
		167043541E5CEB0C00D2CA74 /* customCellTableViewCell.swift */ = {isa = PBXFileReference; fileEncoding = 4; lastKnownFileType = sourcecode.swift; name = customCellTableViewCell.swift; path = ../customCellTableViewCell.swift; sourceTree = "<group>"; };
		167043561E5CF48200D2CA74 /* UpdateUserViewController.swift */ = {isa = PBXFileReference; fileEncoding = 4; lastKnownFileType = sourcecode.swift; path = UpdateUserViewController.swift; sourceTree = "<group>"; };
		169600311E87075E005E9E2F /* MessageDestinataireViewController.swift */ = {isa = PBXFileReference; fileEncoding = 4; lastKnownFileType = sourcecode.swift; path = MessageDestinataireViewController.swift; sourceTree = "<group>"; };
		169600341E871D38005E9E2F /* FacturationViewController.swift */ = {isa = PBXFileReference; fileEncoding = 4; lastKnownFileType = sourcecode.swift; path = FacturationViewController.swift; sourceTree = "<group>"; };
		169600361E8720C4005E9E2F /* PaiementViewController.swift */ = {isa = PBXFileReference; fileEncoding = 4; lastKnownFileType = sourcecode.swift; path = PaiementViewController.swift; sourceTree = "<group>"; };
		16A36C1B1E65C857003339B8 /* EditPhotoViewController.swift */ = {isa = PBXFileReference; fileEncoding = 4; lastKnownFileType = sourcecode.swift; path = EditPhotoViewController.swift; sourceTree = "<group>"; };
		16B8E0EE1E845E4A00AFB281 /* User.swift */ = {isa = PBXFileReference; fileEncoding = 4; lastKnownFileType = sourcecode.swift; path = User.swift; sourceTree = "<group>"; };
		16B8E0F01E84661A00AFB281 /* Adresse.swift */ = {isa = PBXFileReference; fileEncoding = 4; lastKnownFileType = sourcecode.swift; path = Adresse.swift; sourceTree = "<group>"; };
		16D802691E7BF0FD00ED4AD1 /* DestinatairesViewController.swift */ = {isa = PBXFileReference; fileEncoding = 4; lastKnownFileType = sourcecode.swift; path = DestinatairesViewController.swift; sourceTree = "<group>"; };
		16D8026B1E7D969600ED4AD1 /* DestinataireCellCollectionViewCell.swift */ = {isa = PBXFileReference; fileEncoding = 4; lastKnownFileType = sourcecode.swift; path = DestinataireCellCollectionViewCell.swift; sourceTree = "<group>"; };
		16D8026D1E7D97F000ED4AD1 /* Destinataire.swift */ = {isa = PBXFileReference; fileEncoding = 4; lastKnownFileType = sourcecode.swift; path = Destinataire.swift; sourceTree = "<group>"; };
		16D8026F1E7DA49500ED4AD1 /* NouveauDestinataireViewController.swift */ = {isa = PBXFileReference; fileEncoding = 4; lastKnownFileType = sourcecode.swift; path = NouveauDestinataireViewController.swift; sourceTree = "<group>"; };
		16DD1B9D1E852A33006C326E /* ContactViewController.swift */ = {isa = PBXFileReference; fileEncoding = 4; lastKnownFileType = sourcecode.swift; path = ContactViewController.swift; sourceTree = "<group>"; };
		16F030031E88291C00D16E91 /* Accelerate.framework */ = {isa = PBXFileReference; lastKnownFileType = wrapper.framework; name = Accelerate.framework; path = System/Library/Frameworks/Accelerate.framework; sourceTree = SDKROOT; };
		16F030041E88291C00D16E91 /* AudioToolbox.framework */ = {isa = PBXFileReference; lastKnownFileType = wrapper.framework; name = AudioToolbox.framework; path = System/Library/Frameworks/AudioToolbox.framework; sourceTree = SDKROOT; };
		16F030051E88291C00D16E91 /* AVFoundation.framework */ = {isa = PBXFileReference; lastKnownFileType = wrapper.framework; name = AVFoundation.framework; path = System/Library/Frameworks/AVFoundation.framework; sourceTree = SDKROOT; };
		16F030061E88291C00D16E91 /* CoreLocation.framework */ = {isa = PBXFileReference; lastKnownFileType = wrapper.framework; name = CoreLocation.framework; path = System/Library/Frameworks/CoreLocation.framework; sourceTree = SDKROOT; };
		16F030071E88291C00D16E91 /* CoreMedia.framework */ = {isa = PBXFileReference; lastKnownFileType = wrapper.framework; name = CoreMedia.framework; path = System/Library/Frameworks/CoreMedia.framework; sourceTree = SDKROOT; };
		16F030081E88291C00D16E91 /* MessageUI.framework */ = {isa = PBXFileReference; lastKnownFileType = wrapper.framework; name = MessageUI.framework; path = System/Library/Frameworks/MessageUI.framework; sourceTree = SDKROOT; };
		16F030091E88291C00D16E91 /* MobileCoreServices.framework */ = {isa = PBXFileReference; lastKnownFileType = wrapper.framework; name = MobileCoreServices.framework; path = System/Library/Frameworks/MobileCoreServices.framework; sourceTree = SDKROOT; };
		16F0300A1E88291C00D16E91 /* SafariServices.framework */ = {isa = PBXFileReference; lastKnownFileType = wrapper.framework; name = SafariServices.framework; path = System/Library/Frameworks/SafariServices.framework; sourceTree = SDKROOT; };
		16F0300B1E88291C00D16E91 /* SystemConfiguration.framework */ = {isa = PBXFileReference; lastKnownFileType = wrapper.framework; name = SystemConfiguration.framework; path = System/Library/Frameworks/SystemConfiguration.framework; sourceTree = SDKROOT; };
		16F030151E882A5600D16E91 /* IOSAPPLI-Bridging-Header.h */ = {isa = PBXFileReference; lastKnownFileType = sourcecode.c.h; path = "IOSAPPLI-Bridging-Header.h"; sourceTree = "<group>"; };
		16F2FABC1E9696A4007D864F /* Masks.swift */ = {isa = PBXFileReference; fileEncoding = 4; lastKnownFileType = sourcecode.swift; path = Masks.swift; sourceTree = "<group>"; };
		16F2FABE1E96974A007D864F /* Dimensions.swift */ = {isa = PBXFileReference; fileEncoding = 4; lastKnownFileType = sourcecode.swift; path = Dimensions.swift; sourceTree = "<group>"; };
		16F39F081E9ED6F30030A654 /* MessagesDestinataires.swift */ = {isa = PBXFileReference; fileEncoding = 4; lastKnownFileType = sourcecode.swift; path = MessagesDestinataires.swift; sourceTree = "<group>"; };
		2356E14389D231CE63C932BF /* Pods_IOSAPPLI.framework */ = {isa = PBXFileReference; explicitFileType = wrapper.framework; includeInIndex = 0; path = Pods_IOSAPPLI.framework; sourceTree = BUILT_PRODUCTS_DIR; };
		23CC53C7CD5493AB4506EB2F /* Pods-IOSAPPLI.debug.xcconfig */ = {isa = PBXFileReference; includeInIndex = 1; lastKnownFileType = text.xcconfig; name = "Pods-IOSAPPLI.debug.xcconfig"; path = "Pods/Target Support Files/Pods-IOSAPPLI/Pods-IOSAPPLI.debug.xcconfig"; sourceTree = "<group>"; };
		B6CB5E616D5687903F21F6F2 /* Pods-IOSAPPLI.release.xcconfig */ = {isa = PBXFileReference; includeInIndex = 1; lastKnownFileType = text.xcconfig; name = "Pods-IOSAPPLI.release.xcconfig"; path = "Pods/Target Support Files/Pods-IOSAPPLI/Pods-IOSAPPLI.release.xcconfig"; sourceTree = "<group>"; };
		B743A5521E057E9F00A0A233 /* IOSAPPLI.app */ = {isa = PBXFileReference; explicitFileType = wrapper.application; includeInIndex = 0; path = IOSAPPLI.app; sourceTree = BUILT_PRODUCTS_DIR; };
		B743A5551E057E9F00A0A233 /* AppDelegate.swift */ = {isa = PBXFileReference; lastKnownFileType = sourcecode.swift; path = AppDelegate.swift; sourceTree = "<group>"; };
		B743A5571E057E9F00A0A233 /* ViewController.swift */ = {isa = PBXFileReference; lastKnownFileType = sourcecode.swift; path = ViewController.swift; sourceTree = "<group>"; };
		B743A55A1E057E9F00A0A233 /* Base */ = {isa = PBXFileReference; lastKnownFileType = file.storyboard; name = Base; path = Base.lproj/Main.storyboard; sourceTree = "<group>"; };
		B743A55C1E057E9F00A0A233 /* Assets.xcassets */ = {isa = PBXFileReference; lastKnownFileType = folder.assetcatalog; path = Assets.xcassets; sourceTree = "<group>"; };
		B743A55F1E057E9F00A0A233 /* Base */ = {isa = PBXFileReference; lastKnownFileType = file.storyboard; name = Base; path = Base.lproj/LaunchScreen.storyboard; sourceTree = "<group>"; };
		B743A5611E057E9F00A0A233 /* Info.plist */ = {isa = PBXFileReference; lastKnownFileType = text.plist.xml; path = Info.plist; sourceTree = "<group>"; };
		B743A5681E05884700A0A233 /* InscriptionViewController.swift */ = {isa = PBXFileReference; fileEncoding = 4; lastKnownFileType = sourcecode.swift; path = InscriptionViewController.swift; sourceTree = "<group>"; };
		B743A56B1E070EE300A0A233 /* SelectionViewController.swift */ = {isa = PBXFileReference; fileEncoding = 4; lastKnownFileType = sourcecode.swift; path = SelectionViewController.swift; sourceTree = "<group>"; };
		B743A56E1E07558500A0A233 /* AccueilViewController.swift */ = {isa = PBXFileReference; fileEncoding = 4; lastKnownFileType = sourcecode.swift; path = AccueilViewController.swift; sourceTree = "<group>"; };
/* End PBXFileReference section */

/* Begin PBXFrameworksBuildPhase section */
		B743A54F1E057E9E00A0A233 /* Frameworks */ = {
			isa = PBXFrameworksBuildPhase;
			buildActionMask = 2147483647;
			files = (
				16F0300C1E88291C00D16E91 /* Accelerate.framework in Frameworks */,
				16F0300D1E88291C00D16E91 /* AudioToolbox.framework in Frameworks */,
				16F0300E1E88291C00D16E91 /* AVFoundation.framework in Frameworks */,
				16F0300F1E88291C00D16E91 /* CoreLocation.framework in Frameworks */,
				16F030101E88291C00D16E91 /* CoreMedia.framework in Frameworks */,
				16F030111E88291C00D16E91 /* MessageUI.framework in Frameworks */,
				16F030121E88291C00D16E91 /* MobileCoreServices.framework in Frameworks */,
				16F030131E88291C00D16E91 /* SafariServices.framework in Frameworks */,
				16F030141E88291C00D16E91 /* SystemConfiguration.framework in Frameworks */,
				307CA8A4F9DE3733D7171892 /* Pods_IOSAPPLI.framework in Frameworks */,
			);
			runOnlyForDeploymentPostprocessing = 0;
		};
/* End PBXFrameworksBuildPhase section */

/* Begin PBXGroup section */
		1667701C1E64E27B001BF0BA /* Models */ = {
			isa = PBXGroup;
			children = (
				1667701D1E64E2C4001BF0BA /* Photo.swift */,
				16D8026D1E7D97F000ED4AD1 /* Destinataire.swift */,
				16B8E0EE1E845E4A00AFB281 /* User.swift */,
				16B8E0F01E84661A00AFB281 /* Adresse.swift */,
				165225DE1E88018E00DD6A7D /* Livraison.swift */,
				165C98E41E93D0D0000DEB72 /* PhotoModifiee.swift */,
				165C98E61E93E252000DEB72 /* Panier.swift */,
				16F2FABC1E9696A4007D864F /* Masks.swift */,
				16F2FABE1E96974A007D864F /* Dimensions.swift */,
				16F39F081E9ED6F30030A654 /* MessagesDestinataires.swift */,
			);
			name = Models;
			sourceTree = "<group>";
		};
		169600331E871D06005E9E2F /* Paiement */ = {
			isa = PBXGroup;
			children = (
				169600341E871D38005E9E2F /* FacturationViewController.swift */,
				169600361E8720C4005E9E2F /* PaiementViewController.swift */,
				165225DC1E87FA6B00DD6A7D /* LivraisonViewController.swift */,
				16F030151E882A5600D16E91 /* IOSAPPLI-Bridging-Header.h */,
				165C98E01E93AF52000DEB72 /* PanierTableViewController.swift */,
			);
			name = Paiement;
			path = ..;
			sourceTree = "<group>";
		};
		16D802681E7BEF1200ED4AD1 /* Selection des destinataires */ = {
			isa = PBXGroup;
			children = (
				16D802691E7BF0FD00ED4AD1 /* DestinatairesViewController.swift */,
				16D8026F1E7DA49500ED4AD1 /* NouveauDestinataireViewController.swift */,
				169600311E87075E005E9E2F /* MessageDestinataireViewController.swift */,
			);
			name = "Selection des destinataires";
			sourceTree = "<group>";
		};
		6DC3F2E7FEF1E9C6001114D6 /* Frameworks */ = {
			isa = PBXGroup;
			children = (
				16F030031E88291C00D16E91 /* Accelerate.framework */,
				16F030041E88291C00D16E91 /* AudioToolbox.framework */,
				16F030051E88291C00D16E91 /* AVFoundation.framework */,
				16F030061E88291C00D16E91 /* CoreLocation.framework */,
				16F030071E88291C00D16E91 /* CoreMedia.framework */,
				16F030081E88291C00D16E91 /* MessageUI.framework */,
				16F030091E88291C00D16E91 /* MobileCoreServices.framework */,
				16F0300A1E88291C00D16E91 /* SafariServices.framework */,
				16F0300B1E88291C00D16E91 /* SystemConfiguration.framework */,
				2356E14389D231CE63C932BF /* Pods_IOSAPPLI.framework */,
			);
			name = Frameworks;
			sourceTree = "<group>";
		};
		B743A5491E057E9E00A0A233 = {
			isa = PBXGroup;
			children = (
				6DC3F2E7FEF1E9C6001114D6 /* Frameworks */,
				B743A5541E057E9F00A0A233 /* IOSAPPLI */,
				B743A5531E057E9F00A0A233 /* Products */,
				B9BA0E2B2FA15BB1045F5360 /* Pods */,
			);
			sourceTree = "<group>";
		};
		B743A5531E057E9F00A0A233 /* Products */ = {
			isa = PBXGroup;
			children = (
				B743A5521E057E9F00A0A233 /* IOSAPPLI.app */,
			);
			name = Products;
			sourceTree = "<group>";
		};
		B743A5541E057E9F00A0A233 /* IOSAPPLI */ = {
			isa = PBXGroup;
			children = (
				169600331E871D06005E9E2F /* Paiement */,
				167043501E5B298700D2CA74 /* HideShowPasswordTextField */,
				B743A5611E057E9F00A0A233 /* Info.plist */,
				B743A5551E057E9F00A0A233 /* AppDelegate.swift */,
				16DD1B9D1E852A33006C326E /* ContactViewController.swift */,
				167043541E5CEB0C00D2CA74 /* customCellTableViewCell.swift */,
				16D8026B1E7D969600ED4AD1 /* DestinataireCellCollectionViewCell.swift */,
				1629A3441E5B1FBF00EEC12F /* kTextFiledPlaceHolder.swift */,
				1667701A1E64DBA0001BF0BA /* MyImageCell.swift */,
				B743A55C1E057E9F00A0A233 /* Assets.xcassets */,
				B743A5671E05878700A0A233 /* Connexion Et enregistrement */,
				B743A56D1E073F6200A0A233 /* Informations du compte */,
				B7EB2DE21E0895CC000F20AE /* JSON */,
				B743A55E1E057E9F00A0A233 /* LaunchScreen.storyboard */,
				B743A5591E057E9F00A0A233 /* Main.storyboard */,
				1667701C1E64E27B001BF0BA /* Models */,
				16D802681E7BEF1200ED4AD1 /* Selection des destinataires */,
				B743A56A1E070D7000A0A233 /* Selection photo */,
				165225E01E880C9C00DD6A7D /* LivraisonTableViewCell.swift */,
				165C98E21E93BF55000DEB72 /* panierCellTableViewCell.swift */,
			);
			path = IOSAPPLI;
			sourceTree = "<group>";
		};
		B743A5671E05878700A0A233 /* Connexion Et enregistrement */ = {
			isa = PBXGroup;
			children = (
				B743A5571E057E9F00A0A233 /* ViewController.swift */,
				B743A5681E05884700A0A233 /* InscriptionViewController.swift */,
				B743A56E1E07558500A0A233 /* AccueilViewController.swift */,
				167043561E5CF48200D2CA74 /* UpdateUserViewController.swift */,
			);
			name = "Connexion Et enregistrement";
			sourceTree = "<group>";
		};
		B743A56A1E070D7000A0A233 /* Selection photo */ = {
			isa = PBXGroup;
			children = (
				16A36C1B1E65C857003339B8 /* EditPhotoViewController.swift */,
				B743A56B1E070EE300A0A233 /* SelectionViewController.swift */,
			);
			name = "Selection photo";
			sourceTree = "<group>";
		};
		B743A56D1E073F6200A0A233 /* Informations du compte */ = {
			isa = PBXGroup;
			children = (
			);
			name = "Informations du compte";
			sourceTree = "<group>";
		};
		B7EB2DE21E0895CC000F20AE /* JSON */ = {
			isa = PBXGroup;
			children = (
			);
			name = JSON;
			sourceTree = "<group>";
		};
		B9BA0E2B2FA15BB1045F5360 /* Pods */ = {
			isa = PBXGroup;
			children = (
				23CC53C7CD5493AB4506EB2F /* Pods-IOSAPPLI.debug.xcconfig */,
				B6CB5E616D5687903F21F6F2 /* Pods-IOSAPPLI.release.xcconfig */,
			);
			name = Pods;
			sourceTree = "<group>";
		};
/* End PBXGroup section */

/* Begin PBXNativeTarget section */
		B743A5511E057E9E00A0A233 /* IOSAPPLI */ = {
			isa = PBXNativeTarget;
			buildConfigurationList = B743A5641E057E9F00A0A233 /* Build configuration list for PBXNativeTarget "IOSAPPLI" */;
			buildPhases = (
				E6BD101A9B152D53C3D5068E /* [CP] Check Pods Manifest.lock */,
				B743A54E1E057E9E00A0A233 /* Sources */,
				B743A54F1E057E9E00A0A233 /* Frameworks */,
				B743A5501E057E9E00A0A233 /* Resources */,
				1289DC18156D67144B778B3B /* [CP] Embed Pods Frameworks */,
				285505F5A33217AA40778E06 /* [CP] Copy Pods Resources */,
			);
			buildRules = (
			);
			dependencies = (
			);
			name = IOSAPPLI;
			productName = IOSAPPLI;
			productReference = B743A5521E057E9F00A0A233 /* IOSAPPLI.app */;
			productType = "com.apple.product-type.application";
		};
/* End PBXNativeTarget section */

/* Begin PBXProject section */
		B743A54A1E057E9E00A0A233 /* Project object */ = {
			isa = PBXProject;
			attributes = {
				LastSwiftUpdateCheck = 0820;
				LastUpgradeCheck = 0820;
				ORGANIZATIONNAME = "Mireille TOULOUBET";
				TargetAttributes = {
					B743A5511E057E9E00A0A233 = {
						CreatedOnToolsVersion = 8.2;
						LastSwiftMigration = 0820;
						ProvisioningStyle = Automatic;
					};
				};
			};
			buildConfigurationList = B743A54D1E057E9E00A0A233 /* Build configuration list for PBXProject "IOSAPPLI" */;
			compatibilityVersion = "Xcode 3.2";
			developmentRegion = English;
			hasScannedForEncodings = 0;
			knownRegions = (
				en,
				Base,
			);
			mainGroup = B743A5491E057E9E00A0A233;
			productRefGroup = B743A5531E057E9F00A0A233 /* Products */;
			projectDirPath = "";
			projectRoot = "";
			targets = (
				B743A5511E057E9E00A0A233 /* IOSAPPLI */,
			);
		};
/* End PBXProject section */

/* Begin PBXResourcesBuildPhase section */
		B743A5501E057E9E00A0A233 /* Resources */ = {
			isa = PBXResourcesBuildPhase;
			buildActionMask = 2147483647;
			files = (
				167043511E5B298700D2CA74 /* HideShowPasswordTextField in Resources */,
				B743A5601E057E9F00A0A233 /* LaunchScreen.storyboard in Resources */,
				B743A55D1E057E9F00A0A233 /* Assets.xcassets in Resources */,
				B743A55B1E057E9F00A0A233 /* Main.storyboard in Resources */,
			);
			runOnlyForDeploymentPostprocessing = 0;
		};
/* End PBXResourcesBuildPhase section */

/* Begin PBXShellScriptBuildPhase section */
		1289DC18156D67144B778B3B /* [CP] Embed Pods Frameworks */ = {
			isa = PBXShellScriptBuildPhase;
			buildActionMask = 2147483647;
			files = (
			);
			inputPaths = (
			);
			name = "[CP] Embed Pods Frameworks";
			outputPaths = (
			);
			runOnlyForDeploymentPostprocessing = 0;
			shellPath = /bin/sh;
			shellScript = "\"${SRCROOT}/Pods/Target Support Files/Pods-IOSAPPLI/Pods-IOSAPPLI-frameworks.sh\"\n";
			showEnvVarsInLog = 0;
		};
		285505F5A33217AA40778E06 /* [CP] Copy Pods Resources */ = {
			isa = PBXShellScriptBuildPhase;
			buildActionMask = 2147483647;
			files = (
			);
			inputPaths = (
			);
			name = "[CP] Copy Pods Resources";
			outputPaths = (
			);
			runOnlyForDeploymentPostprocessing = 0;
			shellPath = /bin/sh;
			shellScript = "\"${SRCROOT}/Pods/Target Support Files/Pods-IOSAPPLI/Pods-IOSAPPLI-resources.sh\"\n";
			showEnvVarsInLog = 0;
		};
		E6BD101A9B152D53C3D5068E /* [CP] Check Pods Manifest.lock */ = {
			isa = PBXShellScriptBuildPhase;
			buildActionMask = 2147483647;
			files = (
			);
			inputPaths = (
			);
			name = "[CP] Check Pods Manifest.lock";
			outputPaths = (
			);
			runOnlyForDeploymentPostprocessing = 0;
			shellPath = /bin/sh;
			shellScript = "diff \"${PODS_ROOT}/../Podfile.lock\" \"${PODS_ROOT}/Manifest.lock\" > /dev/null\nif [ $? != 0 ] ; then\n    # print error to STDERR\n    echo \"error: The sandbox is not in sync with the Podfile.lock. Run 'pod install' or update your CocoaPods installation.\" >&2\n    exit 1\nfi\n";
			showEnvVarsInLog = 0;
		};
/* End PBXShellScriptBuildPhase section */

/* Begin PBXSourcesBuildPhase section */
		B743A54E1E057E9E00A0A233 /* Sources */ = {
			isa = PBXSourcesBuildPhase;
			buildActionMask = 2147483647;
			files = (
				16D8026E1E7D97F000ED4AD1 /* Destinataire.swift in Sources */,
				1667701B1E64DBA0001BF0BA /* MyImageCell.swift in Sources */,
				165C98E31E93BF55000DEB72 /* panierCellTableViewCell.swift in Sources */,
				165225DD1E87FA6B00DD6A7D /* LivraisonViewController.swift in Sources */,
				16D8026A1E7BF0FD00ED4AD1 /* DestinatairesViewController.swift in Sources */,
				165225DF1E88018E00DD6A7D /* Livraison.swift in Sources */,
				16A36C1C1E65C857003339B8 /* EditPhotoViewController.swift in Sources */,
				16B8E0EF1E845E4A00AFB281 /* User.swift in Sources */,
				16DD1B9E1E852A33006C326E /* ContactViewController.swift in Sources */,
				165C98E71E93E252000DEB72 /* Panier.swift in Sources */,
				B743A56F1E07558500A0A233 /* AccueilViewController.swift in Sources */,
				165225E11E880C9C00DD6A7D /* LivraisonTableViewCell.swift in Sources */,
				16D8026C1E7D969600ED4AD1 /* DestinataireCellCollectionViewCell.swift in Sources */,
				B743A5581E057E9F00A0A233 /* ViewController.swift in Sources */,
				167043571E5CF48200D2CA74 /* UpdateUserViewController.swift in Sources */,
				16B8E0F11E84661A00AFB281 /* Adresse.swift in Sources */,
				169600371E8720C4005E9E2F /* PaiementViewController.swift in Sources */,
				1667701E1E64E2C4001BF0BA /* Photo.swift in Sources */,
				16F39F091E9ED6F30030A654 /* MessagesDestinataires.swift in Sources */,
				B743A56C1E070EE300A0A233 /* SelectionViewController.swift in Sources */,
				169600351E871D38005E9E2F /* FacturationViewController.swift in Sources */,
				B743A5561E057E9F00A0A233 /* AppDelegate.swift in Sources */,
				167043551E5CEB0C00D2CA74 /* customCellTableViewCell.swift in Sources */,
				B743A5691E05884700A0A233 /* InscriptionViewController.swift in Sources */,
				165C98E11E93AF52000DEB72 /* PanierTableViewController.swift in Sources */,
				16D802701E7DA49500ED4AD1 /* NouveauDestinataireViewController.swift in Sources */,
				16F2FABD1E9696A4007D864F /* Masks.swift in Sources */,
				16F2FABF1E96974A007D864F /* Dimensions.swift in Sources */,
				1629A3451E5B1FBF00EEC12F /* kTextFiledPlaceHolder.swift in Sources */,
				165C98E51E93D0D0000DEB72 /* PhotoModifiee.swift in Sources */,
				169600321E87075E005E9E2F /* MessageDestinataireViewController.swift in Sources */,
			);
			runOnlyForDeploymentPostprocessing = 0;
		};
/* End PBXSourcesBuildPhase section */

/* Begin PBXVariantGroup section */
		B743A5591E057E9F00A0A233 /* Main.storyboard */ = {
			isa = PBXVariantGroup;
			children = (
				B743A55A1E057E9F00A0A233 /* Base */,
			);
			name = Main.storyboard;
			sourceTree = "<group>";
		};
		B743A55E1E057E9F00A0A233 /* LaunchScreen.storyboard */ = {
			isa = PBXVariantGroup;
			children = (
				B743A55F1E057E9F00A0A233 /* Base */,
			);
			name = LaunchScreen.storyboard;
			sourceTree = "<group>";
		};
/* End PBXVariantGroup section */

/* Begin XCBuildConfiguration section */
		B743A5621E057E9F00A0A233 /* Debug */ = {
			isa = XCBuildConfiguration;
			buildSettings = {
				ALWAYS_SEARCH_USER_PATHS = NO;
				CLANG_ANALYZER_NONNULL = YES;
				CLANG_CXX_LANGUAGE_STANDARD = "gnu++0x";
				CLANG_CXX_LIBRARY = "libc++";
				CLANG_ENABLE_MODULES = YES;
				CLANG_ENABLE_OBJC_ARC = YES;
				CLANG_WARN_BOOL_CONVERSION = YES;
				CLANG_WARN_CONSTANT_CONVERSION = YES;
				CLANG_WARN_DIRECT_OBJC_ISA_USAGE = YES_ERROR;
				CLANG_WARN_DOCUMENTATION_COMMENTS = YES;
				CLANG_WARN_EMPTY_BODY = YES;
				CLANG_WARN_ENUM_CONVERSION = YES;
				CLANG_WARN_INFINITE_RECURSION = YES;
				CLANG_WARN_INT_CONVERSION = YES;
				CLANG_WARN_OBJC_ROOT_CLASS = YES_ERROR;
				CLANG_WARN_SUSPICIOUS_MOVE = YES;
				CLANG_WARN_UNREACHABLE_CODE = YES;
				CLANG_WARN__DUPLICATE_METHOD_MATCH = YES;
				"CODE_SIGN_IDENTITY[sdk=iphoneos*]" = "iPhone Developer";
				COPY_PHASE_STRIP = NO;
				DEBUG_INFORMATION_FORMAT = dwarf;
				ENABLE_STRICT_OBJC_MSGSEND = YES;
				ENABLE_TESTABILITY = YES;
				GCC_C_LANGUAGE_STANDARD = gnu99;
				GCC_DYNAMIC_NO_PIC = NO;
				GCC_NO_COMMON_BLOCKS = YES;
				GCC_OPTIMIZATION_LEVEL = 0;
				GCC_PREPROCESSOR_DEFINITIONS = (
					"DEBUG=1",
					"$(inherited)",
				);
				GCC_WARN_64_TO_32_BIT_CONVERSION = YES;
				GCC_WARN_ABOUT_RETURN_TYPE = YES_ERROR;
				GCC_WARN_UNDECLARED_SELECTOR = YES;
				GCC_WARN_UNINITIALIZED_AUTOS = YES_AGGRESSIVE;
				GCC_WARN_UNUSED_FUNCTION = YES;
				GCC_WARN_UNUSED_VARIABLE = YES;
				IPHONEOS_DEPLOYMENT_TARGET = 10.2;
				MTL_ENABLE_DEBUG_INFO = YES;
				ONLY_ACTIVE_ARCH = YES;
				SDKROOT = iphoneos;
				SWIFT_ACTIVE_COMPILATION_CONDITIONS = DEBUG;
				SWIFT_OPTIMIZATION_LEVEL = "-Onone";
			};
			name = Debug;
		};
		B743A5631E057E9F00A0A233 /* Release */ = {
			isa = XCBuildConfiguration;
			buildSettings = {
				ALWAYS_SEARCH_USER_PATHS = NO;
				CLANG_ANALYZER_NONNULL = YES;
				CLANG_CXX_LANGUAGE_STANDARD = "gnu++0x";
				CLANG_CXX_LIBRARY = "libc++";
				CLANG_ENABLE_MODULES = YES;
				CLANG_ENABLE_OBJC_ARC = YES;
				CLANG_WARN_BOOL_CONVERSION = YES;
				CLANG_WARN_CONSTANT_CONVERSION = YES;
				CLANG_WARN_DIRECT_OBJC_ISA_USAGE = YES_ERROR;
				CLANG_WARN_DOCUMENTATION_COMMENTS = YES;
				CLANG_WARN_EMPTY_BODY = YES;
				CLANG_WARN_ENUM_CONVERSION = YES;
				CLANG_WARN_INFINITE_RECURSION = YES;
				CLANG_WARN_INT_CONVERSION = YES;
				CLANG_WARN_OBJC_ROOT_CLASS = YES_ERROR;
				CLANG_WARN_SUSPICIOUS_MOVE = YES;
				CLANG_WARN_UNREACHABLE_CODE = YES;
				CLANG_WARN__DUPLICATE_METHOD_MATCH = YES;
				"CODE_SIGN_IDENTITY[sdk=iphoneos*]" = "iPhone Developer";
				COPY_PHASE_STRIP = NO;
				DEBUG_INFORMATION_FORMAT = "dwarf-with-dsym";
				ENABLE_NS_ASSERTIONS = NO;
				ENABLE_STRICT_OBJC_MSGSEND = YES;
				GCC_C_LANGUAGE_STANDARD = gnu99;
				GCC_NO_COMMON_BLOCKS = YES;
				GCC_WARN_64_TO_32_BIT_CONVERSION = YES;
				GCC_WARN_ABOUT_RETURN_TYPE = YES_ERROR;
				GCC_WARN_UNDECLARED_SELECTOR = YES;
				GCC_WARN_UNINITIALIZED_AUTOS = YES_AGGRESSIVE;
				GCC_WARN_UNUSED_FUNCTION = YES;
				GCC_WARN_UNUSED_VARIABLE = YES;
				IPHONEOS_DEPLOYMENT_TARGET = 10.2;
				MTL_ENABLE_DEBUG_INFO = NO;
				SDKROOT = iphoneos;
				SWIFT_OPTIMIZATION_LEVEL = "-Owholemodule";
				VALIDATE_PRODUCT = YES;
			};
			name = Release;
		};
		B743A5651E057E9F00A0A233 /* Debug */ = {
			isa = XCBuildConfiguration;
			baseConfigurationReference = 23CC53C7CD5493AB4506EB2F /* Pods-IOSAPPLI.debug.xcconfig */;
			buildSettings = {
				ASSETCATALOG_COMPILER_APPICON_NAME = AppIcon;
				CLANG_ENABLE_MODULES = YES;
				INFOPLIST_FILE = IOSAPPLI/Info.plist;
				LD_RUNPATH_SEARCH_PATHS = "$(inherited) @executable_path/Frameworks";
				PRODUCT_BUNDLE_IDENTIFIER = com.estiam.IOSAPPLI;
				PRODUCT_NAME = "$(TARGET_NAME)";
				SWIFT_OBJC_BRIDGING_HEADER = "IOSAPPLI-Bridging-Header.h";
				SWIFT_OPTIMIZATION_LEVEL = "-Onone";
				SWIFT_VERSION = 3.0;
			};
			name = Debug;
		};
		B743A5661E057E9F00A0A233 /* Release */ = {
			isa = XCBuildConfiguration;
			baseConfigurationReference = B6CB5E616D5687903F21F6F2 /* Pods-IOSAPPLI.release.xcconfig */;
			buildSettings = {
				ASSETCATALOG_COMPILER_APPICON_NAME = AppIcon;
				CLANG_ENABLE_MODULES = YES;
				INFOPLIST_FILE = IOSAPPLI/Info.plist;
				LD_RUNPATH_SEARCH_PATHS = "$(inherited) @executable_path/Frameworks";
				PRODUCT_BUNDLE_IDENTIFIER = com.estiam.IOSAPPLI;
				PRODUCT_NAME = "$(TARGET_NAME)";
				SWIFT_OBJC_BRIDGING_HEADER = "IOSAPPLI-Bridging-Header.h";
				SWIFT_VERSION = 3.0;
			};
			name = Release;
		};
/* End XCBuildConfiguration section */

/* Begin XCConfigurationList section */
		B743A54D1E057E9E00A0A233 /* Build configuration list for PBXProject "IOSAPPLI" */ = {
			isa = XCConfigurationList;
			buildConfigurations = (
				B743A5621E057E9F00A0A233 /* Debug */,
				B743A5631E057E9F00A0A233 /* Release */,
			);
			defaultConfigurationIsVisible = 0;
			defaultConfigurationName = Release;
		};
		B743A5641E057E9F00A0A233 /* Build configuration list for PBXNativeTarget "IOSAPPLI" */ = {
			isa = XCConfigurationList;
			buildConfigurations = (
				B743A5651E057E9F00A0A233 /* Debug */,
				B743A5661E057E9F00A0A233 /* Release */,
			);
			defaultConfigurationIsVisible = 0;
			defaultConfigurationName = Release;
		};
/* End XCConfigurationList section */
	};
	rootObject = B743A54A1E057E9E00A0A233 /* Project object */;
}
